
Microsoft Visual Studio Solution File, Format Version 12.00
# Visual Studio Version 16
VisualStudioVersion = 16.0.31105.61
MinimumVisualStudioVersion = 10.0.40219.1
Project("{8BC9CEB8-8B4A-11D0-8D11-00A0C91BC942}") = "cudaOpenMP", "cudaOpenMP_vs2019.vcxproj", "{B0E42E5A-09E8-4B9D-B10E-3EBE1E6D77E3}"
EndProject
Global
	GlobalSection(SolutionConfigurationPlatforms) = preSolution
		Debug|x64 = Debug|x64
		Release|x64 = Release|x64
	EndGlobalSection
	GlobalSection(ProjectConfigurationPlatforms) = postSolution
		{B0E42E5A-09E8-4B9D-B10E-3EBE1E6D77E3}.Debug|x64.ActiveCfg = Debug|x64
		{B0E42E5A-09E8-4B9D-B10E-3EBE1E6D77E3}.Debug|x64.Build.0 = Debug|x64
		{B0E42E5A-09E8-4B9D-B10E-3EBE1E6D77E3}.Release|x64.ActiveCfg = Release|x64
		{B0E42E5A-09E8-4B9D-B10E-3EBE1E6D77E3}.Release|x64.Build.0 = Release|x64
	EndGlobalSection
	GlobalSection(SolutionProperties) = preSolution
		HideSolutionNode = FALSE
	EndGlobalSection
	GlobalSection(ExtensibilityGlobals) = postSolution
		SolutionGuid = {067566FD-6E30-42C6-8A27-CB58AB3DC0C7}
	EndGlobalSection
EndGlobal
